
Microsoft Visual Studio Solution File, Format Version 12.00
# Visual Studio Version 17
VisualStudioVersion = 17.3.32825.248
MinimumVisualStudioVersion = 10.0.40219.1
Project("{9A19103F-16F7-4668-BE54-9A1E7A4F7556}") = "Proyecto_Trouble.WebApi", "Proyecto_Trouble.WebApi\Proyecto_Trouble.WebApi.csproj", "{B1E065F8-FADC-4E54-9847-8A9EE5F69F71}"
EndProject
Project("{9A19103F-16F7-4668-BE54-9A1E7A4F7556}") = "Proyecto_Trouble.DataAccess", "Proyecto_Trouble.DataAccess\Proyecto_Trouble.DataAccess.csproj", "{BE7FEF23-2A47-4AAC-94E3-26949794D8B8}"
EndProject
Project("{FAE04EC0-301F-11D3-BF4B-00C04F79EFBC}") = "Proyecto_Trouble.Services", "Proyecto_Trouble.Services\Proyecto_Trouble.Services.csproj", "{3797D5FA-CD26-44E2-84A5-8D4B19FC4795}"
EndProject
Project("{FAE04EC0-301F-11D3-BF4B-00C04F79EFBC}") = "Proyecto_Trouble.DTO", "Proyecto_Trouble.DTO\Proyecto_Trouble.DTO.csproj", "{92E72544-D4BD-45AD-97B9-5B93AD075F69}"
EndProject
Global
	GlobalSection(SolutionConfigurationPlatforms) = preSolution
		Debug|Any CPU = Debug|Any CPU
		Release|Any CPU = Release|Any CPU
	EndGlobalSection
	GlobalSection(ProjectConfigurationPlatforms) = postSolution
		{B1E065F8-FADC-4E54-9847-8A9EE5F69F71}.Debug|Any CPU.ActiveCfg = Debug|Any CPU
		{B1E065F8-FADC-4E54-9847-8A9EE5F69F71}.Debug|Any CPU.Build.0 = Debug|Any CPU
		{B1E065F8-FADC-4E54-9847-8A9EE5F69F71}.Release|Any CPU.ActiveCfg = Release|Any CPU
		{B1E065F8-FADC-4E54-9847-8A9EE5F69F71}.Release|Any CPU.Build.0 = Release|Any CPU
		{BE7FEF23-2A47-4AAC-94E3-26949794D8B8}.Debug|Any CPU.ActiveCfg = Debug|Any CPU
		{BE7FEF23-2A47-4AAC-94E3-26949794D8B8}.Debug|Any CPU.Build.0 = Debug|Any CPU
		{BE7FEF23-2A47-4AAC-94E3-26949794D8B8}.Release|Any CPU.ActiveCfg = Release|Any CPU
		{BE7FEF23-2A47-4AAC-94E3-26949794D8B8}.Release|Any CPU.Build.0 = Release|Any CPU
		{3797D5FA-CD26-44E2-84A5-8D4B19FC4795}.Debug|Any CPU.ActiveCfg = Debug|Any CPU
		{3797D5FA-CD26-44E2-84A5-8D4B19FC4795}.Debug|Any CPU.Build.0 = Debug|Any CPU
		{3797D5FA-CD26-44E2-84A5-8D4B19FC4795}.Release|Any CPU.ActiveCfg = Release|Any CPU
		{3797D5FA-CD26-44E2-84A5-8D4B19FC4795}.Release|Any CPU.Build.0 = Release|Any CPU
		{92E72544-D4BD-45AD-97B9-5B93AD075F69}.Debug|Any CPU.ActiveCfg = Debug|Any CPU
		{92E72544-D4BD-45AD-97B9-5B93AD075F69}.Debug|Any CPU.Build.0 = Debug|Any CPU
		{92E72544-D4BD-45AD-97B9-5B93AD075F69}.Release|Any CPU.ActiveCfg = Release|Any CPU
		{92E72544-D4BD-45AD-97B9-5B93AD075F69}.Release|Any CPU.Build.0 = Release|Any CPU
	EndGlobalSection
	GlobalSection(SolutionProperties) = preSolution
		HideSolutionNode = FALSE
	EndGlobalSection
	GlobalSection(ExtensibilityGlobals) = postSolution
		SolutionGuid = {9FBD858F-8DDC-43C5-8A9F-74577E1978A0}
	EndGlobalSection
EndGlobal
